// !$*UTF8*$!
{
	archiveVersion = 1;
	classes = {
	};
	objectVersion = 55;
	objects = {

/* Begin PBXBuildFile section */
		9F8CCFA427CAABD8002D32F6 /* AppDelegate.swift in Sources */ = {isa = PBXBuildFile; fileRef = 9F8CCFA327CAABD8002D32F6 /* AppDelegate.swift */; };
		9F8CCFA627CAABD8002D32F6 /* SceneDelegate.swift in Sources */ = {isa = PBXBuildFile; fileRef = 9F8CCFA527CAABD8002D32F6 /* SceneDelegate.swift */; };
		9F8CCFA827CAABD8002D32F6 /* ViewController.swift in Sources */ = {isa = PBXBuildFile; fileRef = 9F8CCFA727CAABD8002D32F6 /* ViewController.swift */; };
		9F8CCFAB27CAABD8002D32F6 /* Main.storyboard in Resources */ = {isa = PBXBuildFile; fileRef = 9F8CCFA927CAABD8002D32F6 /* Main.storyboard */; };
		9F8CCFAD27CAABDA002D32F6 /* Assets.xcassets in Resources */ = {isa = PBXBuildFile; fileRef = 9F8CCFAC27CAABDA002D32F6 /* Assets.xcassets */; };
		9F8CCFB027CAABDA002D32F6 /* LaunchScreen.storyboard in Resources */ = {isa = PBXBuildFile; fileRef = 9F8CCFAE27CAABDA002D32F6 /* LaunchScreen.storyboard */; };
		9F8CCFBB27CAABDA002D32F6 /* MoviesListTests.swift in Sources */ = {isa = PBXBuildFile; fileRef = 9F8CCFBA27CAABDA002D32F6 /* MoviesListTests.swift */; };
		9F8CCFC527CAABDA002D32F6 /* MoviesListUITests.swift in Sources */ = {isa = PBXBuildFile; fileRef = 9F8CCFC427CAABDA002D32F6 /* MoviesListUITests.swift */; };
		9F8CCFC727CAABDA002D32F6 /* MoviesListUITestsLaunchTests.swift in Sources */ = {isa = PBXBuildFile; fileRef = 9F8CCFC627CAABDA002D32F6 /* MoviesListUITestsLaunchTests.swift */; };
		9FB00A0127CB963E0030C004 /* Movie.swift in Sources */ = {isa = PBXBuildFile; fileRef = 9FB009FF27CB963E0030C004 /* Movie.swift */; };
		9FB00A0427CB963E0030C004 /* MoviesListInfo.swift in Sources */ = {isa = PBXBuildFile; fileRef = 9FB00A0027CB963E0030C004 /* MoviesListInfo.swift */; };
		9FB00A0D27CBBA7D0030C004 /* MovieListTableViewCell.swift in Sources */ = {isa = PBXBuildFile; fileRef = 9FB00A0B27CBBA7D0030C004 /* MovieListTableViewCell.swift */; };
		9FB00A1027CBBA7D0030C004 /* MovieListTableViewCell.xib in Resources */ = {isa = PBXBuildFile; fileRef = 9FB00A0C27CBBA7D0030C004 /* MovieListTableViewCell.xib */; };
		9FB00A1127CBBA7D0030C004 /* MovieListTableViewCell.xib in Resources */ = {isa = PBXBuildFile; fileRef = 9FB00A0C27CBBA7D0030C004 /* MovieListTableViewCell.xib */; };
		9FB00A1227CBBA7D0030C004 /* MovieListTableViewCell.xib in Resources */ = {isa = PBXBuildFile; fileRef = 9FB00A0C27CBBA7D0030C004 /* MovieListTableViewCell.xib */; };
		9FBBA7B327CBFCC600C400A6 /* MoviesViewModel.swift in Sources */ = {isa = PBXBuildFile; fileRef = 9FBBA7B227CBFCC600C400A6 /* MoviesViewModel.swift */; };
		9FBBA7B527CC0B0E00C400A6 /* MovieDetailViewController.swift in Sources */ = {isa = PBXBuildFile; fileRef = 9FBBA7B427CC0B0E00C400A6 /* MovieDetailViewController.swift */; };
		9FBBA7B727CCB48200C400A6 /* DetailMovieViewModel.swift in Sources */ = {isa = PBXBuildFile; fileRef = 9FBBA7B627CCB48200C400A6 /* DetailMovieViewModel.swift */; };
		9FBBA7B927CCBFD000C400A6 /* Extensions.swift in Sources */ = {isa = PBXBuildFile; fileRef = 9FBBA7B827CCBFD000C400A6 /* Extensions.swift */; };
		9FBBA7BC27CCD92400C400A6 /* JSONDataResponseMock.swift in Sources */ = {isa = PBXBuildFile; fileRef = 9FBBA7BB27CCD92400C400A6 /* JSONDataResponseMock.swift */; };
		9FBBA7C027CCFA6400C400A6 /* MoviesInfoResponse.json in Resources */ = {isa = PBXBuildFile; fileRef = 9FBBA7BE27CCD9B800C400A6 /* MoviesInfoResponse.json */; };
		9FBBA7C227CD0BD900C400A6 /* MoviesViewModelTests.swift in Sources */ = {isa = PBXBuildFile; fileRef = 9FBBA7C127CD0BD900C400A6 /* MoviesViewModelTests.swift */; };
		9FBBA7C527CD54D300C400A6 /* DetailViewModel.swift in Sources */ = {isa = PBXBuildFile; fileRef = 9FBBA7C427CD54D300C400A6 /* DetailViewModel.swift */; };
/* End PBXBuildFile section */

/* Begin PBXContainerItemProxy section */
		9F8CCFB727CAABDA002D32F6 /* PBXContainerItemProxy */ = {
			isa = PBXContainerItemProxy;
			containerPortal = 9F8CCF9827CAABD8002D32F6 /* Project object */;
			proxyType = 1;
			remoteGlobalIDString = 9F8CCF9F27CAABD8002D32F6;
			remoteInfo = MoviesList;
		};
		9F8CCFC127CAABDA002D32F6 /* PBXContainerItemProxy */ = {
			isa = PBXContainerItemProxy;
			containerPortal = 9F8CCF9827CAABD8002D32F6 /* Project object */;
			proxyType = 1;
			remoteGlobalIDString = 9F8CCF9F27CAABD8002D32F6;
			remoteInfo = MoviesList;
		};
/* End PBXContainerItemProxy section */

/* Begin PBXFileReference section */
		9F8CCFA027CAABD8002D32F6 /* MoviesList.app */ = {isa = PBXFileReference; explicitFileType = wrapper.application; includeInIndex = 0; path = MoviesList.app; sourceTree = BUILT_PRODUCTS_DIR; };
		9F8CCFA327CAABD8002D32F6 /* AppDelegate.swift */ = {isa = PBXFileReference; lastKnownFileType = sourcecode.swift; path = AppDelegate.swift; sourceTree = "<group>"; };
		9F8CCFA527CAABD8002D32F6 /* SceneDelegate.swift */ = {isa = PBXFileReference; lastKnownFileType = sourcecode.swift; path = SceneDelegate.swift; sourceTree = "<group>"; };
		9F8CCFA727CAABD8002D32F6 /* ViewController.swift */ = {isa = PBXFileReference; lastKnownFileType = sourcecode.swift; path = ViewController.swift; sourceTree = "<group>"; };
		9F8CCFAA27CAABD8002D32F6 /* Base */ = {isa = PBXFileReference; lastKnownFileType = file.storyboard; name = Base; path = Base.lproj/Main.storyboard; sourceTree = "<group>"; };
		9F8CCFAC27CAABDA002D32F6 /* Assets.xcassets */ = {isa = PBXFileReference; lastKnownFileType = folder.assetcatalog; path = Assets.xcassets; sourceTree = "<group>"; };
		9F8CCFAF27CAABDA002D32F6 /* Base */ = {isa = PBXFileReference; lastKnownFileType = file.storyboard; name = Base; path = Base.lproj/LaunchScreen.storyboard; sourceTree = "<group>"; };
		9F8CCFB127CAABDA002D32F6 /* Info.plist */ = {isa = PBXFileReference; lastKnownFileType = text.plist.xml; path = Info.plist; sourceTree = "<group>"; };
		9F8CCFB627CAABDA002D32F6 /* MoviesListTests.xctest */ = {isa = PBXFileReference; explicitFileType = wrapper.cfbundle; includeInIndex = 0; path = MoviesListTests.xctest; sourceTree = BUILT_PRODUCTS_DIR; };
		9F8CCFBA27CAABDA002D32F6 /* MoviesListTests.swift */ = {isa = PBXFileReference; lastKnownFileType = sourcecode.swift; path = MoviesListTests.swift; sourceTree = "<group>"; };
		9F8CCFC027CAABDA002D32F6 /* MoviesListUITests.xctest */ = {isa = PBXFileReference; explicitFileType = wrapper.cfbundle; includeInIndex = 0; path = MoviesListUITests.xctest; sourceTree = BUILT_PRODUCTS_DIR; };
		9F8CCFC427CAABDA002D32F6 /* MoviesListUITests.swift */ = {isa = PBXFileReference; lastKnownFileType = sourcecode.swift; path = MoviesListUITests.swift; sourceTree = "<group>"; };
		9F8CCFC627CAABDA002D32F6 /* MoviesListUITestsLaunchTests.swift */ = {isa = PBXFileReference; lastKnownFileType = sourcecode.swift; path = MoviesListUITestsLaunchTests.swift; sourceTree = "<group>"; };
		9FB009FF27CB963E0030C004 /* Movie.swift */ = {isa = PBXFileReference; fileEncoding = 4; lastKnownFileType = sourcecode.swift; name = Movie.swift; path = MoviesList/Model/Movie.swift; sourceTree = SOURCE_ROOT; };
		9FB00A0027CB963E0030C004 /* MoviesListInfo.swift */ = {isa = PBXFileReference; fileEncoding = 4; lastKnownFileType = sourcecode.swift; name = MoviesListInfo.swift; path = MoviesList/Model/MoviesListInfo.swift; sourceTree = SOURCE_ROOT; };
		9FB00A0B27CBBA7D0030C004 /* MovieListTableViewCell.swift */ = {isa = PBXFileReference; lastKnownFileType = sourcecode.swift; path = MovieListTableViewCell.swift; sourceTree = "<group>"; };
		9FB00A0C27CBBA7D0030C004 /* MovieListTableViewCell.xib */ = {isa = PBXFileReference; lastKnownFileType = file.xib; path = MovieListTableViewCell.xib; sourceTree = "<group>"; };
		9FBBA7B227CBFCC600C400A6 /* MoviesViewModel.swift */ = {isa = PBXFileReference; lastKnownFileType = sourcecode.swift; path = MoviesViewModel.swift; sourceTree = "<group>"; };
		9FBBA7B427CC0B0E00C400A6 /* MovieDetailViewController.swift */ = {isa = PBXFileReference; lastKnownFileType = sourcecode.swift; path = MovieDetailViewController.swift; sourceTree = "<group>"; };
		9FBBA7B627CCB48200C400A6 /* DetailMovieViewModel.swift */ = {isa = PBXFileReference; lastKnownFileType = sourcecode.swift; path = DetailMovieViewModel.swift; sourceTree = "<group>"; };
		9FBBA7B827CCBFD000C400A6 /* Extensions.swift */ = {isa = PBXFileReference; lastKnownFileType = sourcecode.swift; path = Extensions.swift; sourceTree = "<group>"; };
		9FBBA7BB27CCD92400C400A6 /* JSONDataResponseMock.swift */ = {isa = PBXFileReference; lastKnownFileType = sourcecode.swift; path = JSONDataResponseMock.swift; sourceTree = "<group>"; };
		9FBBA7BE27CCD9B800C400A6 /* MoviesInfoResponse.json */ = {isa = PBXFileReference; fileEncoding = 4; lastKnownFileType = text.json; path = MoviesInfoResponse.json; sourceTree = "<group>"; };
		9FBBA7C127CD0BD900C400A6 /* MoviesViewModelTests.swift */ = {isa = PBXFileReference; lastKnownFileType = sourcecode.swift; path = MoviesViewModelTests.swift; sourceTree = "<group>"; };
		9FBBA7C427CD54D300C400A6 /* DetailViewModel.swift */ = {isa = PBXFileReference; lastKnownFileType = sourcecode.swift; path = DetailViewModel.swift; sourceTree = "<group>"; };
/* End PBXFileReference section */

/* Begin PBXFrameworksBuildPhase section */
		9F8CCF9D27CAABD8002D32F6 /* Frameworks */ = {
			isa = PBXFrameworksBuildPhase;
			buildActionMask = 2147483647;
			files = (
			);
			runOnlyForDeploymentPostprocessing = 0;
		};
		9F8CCFB327CAABDA002D32F6 /* Frameworks */ = {
			isa = PBXFrameworksBuildPhase;
			buildActionMask = 2147483647;
			files = (
			);
			runOnlyForDeploymentPostprocessing = 0;
		};
		9F8CCFBD27CAABDA002D32F6 /* Frameworks */ = {
			isa = PBXFrameworksBuildPhase;
			buildActionMask = 2147483647;
			files = (
			);
			runOnlyForDeploymentPostprocessing = 0;
		};
/* End PBXFrameworksBuildPhase section */

/* Begin PBXGroup section */
		9F8CCF9727CAABD8002D32F6 = {
			isa = PBXGroup;
			children = (
				9F8CCFA227CAABD8002D32F6 /* MoviesList */,
				9F8CCFB927CAABDA002D32F6 /* MoviesListTests */,
				9F8CCFC327CAABDA002D32F6 /* MoviesListUITests */,
				9F8CCFA127CAABD8002D32F6 /* Products */,
			);
			sourceTree = "<group>";
		};
		9F8CCFA127CAABD8002D32F6 /* Products */ = {
			isa = PBXGroup;
			children = (
				9F8CCFA027CAABD8002D32F6 /* MoviesList.app */,
				9F8CCFB627CAABDA002D32F6 /* MoviesListTests.xctest */,
				9F8CCFC027CAABDA002D32F6 /* MoviesListUITests.xctest */,
			);
			name = Products;
			sourceTree = "<group>";
		};
		9F8CCFA227CAABD8002D32F6 /* MoviesList */ = {
			isa = PBXGroup;
			children = (
				9FB00A0A27CBB7710030C004 /* TableViewCell */,
				9FB00A0927CBB7640030C004 /* ViewController */,
				9FB00A0827CBB7530030C004 /* ViewModel */,
				9FB00A0727CBB7430030C004 /* Model */,
				9FBBA7B827CCBFD000C400A6 /* Extensions.swift */,
				9F8CCFA327CAABD8002D32F6 /* AppDelegate.swift */,
				9F8CCFA527CAABD8002D32F6 /* SceneDelegate.swift */,
				9F8CCFA927CAABD8002D32F6 /* Main.storyboard */,
				9F8CCFAC27CAABDA002D32F6 /* Assets.xcassets */,
				9F8CCFAE27CAABDA002D32F6 /* LaunchScreen.storyboard */,
				9F8CCFB127CAABDA002D32F6 /* Info.plist */,
			);
			path = MoviesList;
			sourceTree = "<group>";
		};
		9F8CCFB927CAABDA002D32F6 /* MoviesListTests */ = {
			isa = PBXGroup;
			children = (
				9FBBA7BD27CCD9A300C400A6 /* Resources */,
				9FBBA7BA27CCD90600C400A6 /* Helper */,
				9F8CCFBA27CAABDA002D32F6 /* MoviesListTests.swift */,
				9FBBA7C127CD0BD900C400A6 /* MoviesViewModelTests.swift */,
				9FBBA7C427CD54D300C400A6 /* DetailViewModel.swift */,
			);
			path = MoviesListTests;
			sourceTree = "<group>";
		};
		9F8CCFC327CAABDA002D32F6 /* MoviesListUITests */ = {
			isa = PBXGroup;
			children = (
				9F8CCFC427CAABDA002D32F6 /* MoviesListUITests.swift */,
				9F8CCFC627CAABDA002D32F6 /* MoviesListUITestsLaunchTests.swift */,
			);
			path = MoviesListUITests;
			sourceTree = "<group>";
		};
		9FB00A0727CBB7430030C004 /* Model */ = {
			isa = PBXGroup;
			children = (
				9FB00A0027CB963E0030C004 /* MoviesListInfo.swift */,
				9FB009FF27CB963E0030C004 /* Movie.swift */,
			);
			path = Model;
			sourceTree = "<group>";
		};
		9FB00A0827CBB7530030C004 /* ViewModel */ = {
			isa = PBXGroup;
			children = (
				9FBBA7B227CBFCC600C400A6 /* MoviesViewModel.swift */,
				9FBBA7B627CCB48200C400A6 /* DetailMovieViewModel.swift */,
			);
			path = ViewModel;
			sourceTree = "<group>";
		};
		9FB00A0927CBB7640030C004 /* ViewController */ = {
			isa = PBXGroup;
			children = (
				9F8CCFA727CAABD8002D32F6 /* ViewController.swift */,
				9FBBA7B427CC0B0E00C400A6 /* MovieDetailViewController.swift */,
			);
			path = ViewController;
			sourceTree = "<group>";
		};
		9FB00A0A27CBB7710030C004 /* TableViewCell */ = {
			isa = PBXGroup;
			children = (
				9FB00A0B27CBBA7D0030C004 /* MovieListTableViewCell.swift */,
				9FB00A0C27CBBA7D0030C004 /* MovieListTableViewCell.xib */,
			);
			path = TableViewCell;
			sourceTree = "<group>";
		};
		9FBBA7BA27CCD90600C400A6 /* Helper */ = {
			isa = PBXGroup;
			children = (
				9FBBA7BB27CCD92400C400A6 /* JSONDataResponseMock.swift */,
			);
			path = Helper;
			sourceTree = "<group>";
		};
		9FBBA7BD27CCD9A300C400A6 /* Resources */ = {
			isa = PBXGroup;
			children = (
				9FBBA7BE27CCD9B800C400A6 /* MoviesInfoResponse.json */,
			);
			path = Resources;
			sourceTree = "<group>";
		};
/* End PBXGroup section */

/* Begin PBXNativeTarget section */
		9F8CCF9F27CAABD8002D32F6 /* MoviesList */ = {
			isa = PBXNativeTarget;
			buildConfigurationList = 9F8CCFCA27CAABDA002D32F6 /* Build configuration list for PBXNativeTarget "MoviesList" */;
			buildPhases = (
				9F8CCF9C27CAABD8002D32F6 /* Sources */,
				9F8CCF9D27CAABD8002D32F6 /* Frameworks */,
				9F8CCF9E27CAABD8002D32F6 /* Resources */,
			);
			buildRules = (
			);
			dependencies = (
			);
			name = MoviesList;
			productName = MoviesList;
			productReference = 9F8CCFA027CAABD8002D32F6 /* MoviesList.app */;
			productType = "com.apple.product-type.application";
		};
		9F8CCFB527CAABDA002D32F6 /* MoviesListTests */ = {
			isa = PBXNativeTarget;
			buildConfigurationList = 9F8CCFCD27CAABDA002D32F6 /* Build configuration list for PBXNativeTarget "MoviesListTests" */;
			buildPhases = (
				9F8CCFB227CAABDA002D32F6 /* Sources */,
				9F8CCFB327CAABDA002D32F6 /* Frameworks */,
				9F8CCFB427CAABDA002D32F6 /* Resources */,
			);
			buildRules = (
			);
			dependencies = (
				9F8CCFB827CAABDA002D32F6 /* PBXTargetDependency */,
			);
			name = MoviesListTests;
			productName = MoviesListTests;
			productReference = 9F8CCFB627CAABDA002D32F6 /* MoviesListTests.xctest */;
			productType = "com.apple.product-type.bundle.unit-test";
		};
		9F8CCFBF27CAABDA002D32F6 /* MoviesListUITests */ = {
			isa = PBXNativeTarget;
			buildConfigurationList = 9F8CCFD027CAABDA002D32F6 /* Build configuration list for PBXNativeTarget "MoviesListUITests" */;
			buildPhases = (
				9F8CCFBC27CAABDA002D32F6 /* Sources */,
				9F8CCFBD27CAABDA002D32F6 /* Frameworks */,
				9F8CCFBE27CAABDA002D32F6 /* Resources */,
			);
			buildRules = (
			);
			dependencies = (
				9F8CCFC227CAABDA002D32F6 /* PBXTargetDependency */,
			);
			name = MoviesListUITests;
			productName = MoviesListUITests;
			productReference = 9F8CCFC027CAABDA002D32F6 /* MoviesListUITests.xctest */;
			productType = "com.apple.product-type.bundle.ui-testing";
		};
/* End PBXNativeTarget section */

/* Begin PBXProject section */
		9F8CCF9827CAABD8002D32F6 /* Project object */ = {
			isa = PBXProject;
			attributes = {
				BuildIndependentTargetsInParallel = 1;
				LastSwiftUpdateCheck = 1320;
				LastUpgradeCheck = 1320;
				TargetAttributes = {
					9F8CCF9F27CAABD8002D32F6 = {
						CreatedOnToolsVersion = 13.2.1;
					};
					9F8CCFB527CAABDA002D32F6 = {
						CreatedOnToolsVersion = 13.2.1;
						TestTargetID = 9F8CCF9F27CAABD8002D32F6;
					};
					9F8CCFBF27CAABDA002D32F6 = {
						CreatedOnToolsVersion = 13.2.1;
						TestTargetID = 9F8CCF9F27CAABD8002D32F6;
					};
				};
			};
			buildConfigurationList = 9F8CCF9B27CAABD8002D32F6 /* Build configuration list for PBXProject "MoviesList" */;
			compatibilityVersion = "Xcode 13.0";
			developmentRegion = en;
			hasScannedForEncodings = 0;
			knownRegions = (
				en,
				Base,
			);
			mainGroup = 9F8CCF9727CAABD8002D32F6;
			productRefGroup = 9F8CCFA127CAABD8002D32F6 /* Products */;
			projectDirPath = "";
			projectRoot = "";
			targets = (
				9F8CCF9F27CAABD8002D32F6 /* MoviesList */,
				9F8CCFB527CAABDA002D32F6 /* MoviesListTests */,
				9F8CCFBF27CAABDA002D32F6 /* MoviesListUITests */,
			);
		};
/* End PBXProject section */

/* Begin PBXResourcesBuildPhase section */
		9F8CCF9E27CAABD8002D32F6 /* Resources */ = {
			isa = PBXResourcesBuildPhase;
			buildActionMask = 2147483647;
			files = (
				9FBBA7C027CCFA6400C400A6 /* MoviesInfoResponse.json in Resources */,
				9F8CCFB027CAABDA002D32F6 /* LaunchScreen.storyboard in Resources */,
				9F8CCFAD27CAABDA002D32F6 /* Assets.xcassets in Resources */,
				9FB00A1027CBBA7D0030C004 /* MovieListTableViewCell.xib in Resources */,
				9F8CCFAB27CAABD8002D32F6 /* Main.storyboard in Resources */,
			);
			runOnlyForDeploymentPostprocessing = 0;
		};
		9F8CCFB427CAABDA002D32F6 /* Resources */ = {
			isa = PBXResourcesBuildPhase;
			buildActionMask = 2147483647;
			files = (
				9FB00A1127CBBA7D0030C004 /* MovieListTableViewCell.xib in Resources */,
			);
			runOnlyForDeploymentPostprocessing = 0;
		};
		9F8CCFBE27CAABDA002D32F6 /* Resources */ = {
			isa = PBXResourcesBuildPhase;
			buildActionMask = 2147483647;
			files = (
				9FB00A1227CBBA7D0030C004 /* MovieListTableViewCell.xib in Resources */,
			);
			runOnlyForDeploymentPostprocessing = 0;
		};
/* End PBXResourcesBuildPhase section */

/* Begin PBXSourcesBuildPhase section */
		9F8CCF9C27CAABD8002D32F6 /* Sources */ = {
			isa = PBXSourcesBuildPhase;
			buildActionMask = 2147483647;
			files = (
				9F8CCFA827CAABD8002D32F6 /* ViewController.swift in Sources */,
				9FB00A0427CB963E0030C004 /* MoviesListInfo.swift in Sources */,
				9F8CCFA427CAABD8002D32F6 /* AppDelegate.swift in Sources */,
				9FB00A0127CB963E0030C004 /* Movie.swift in Sources */,
				9FBBA7B727CCB48200C400A6 /* DetailMovieViewModel.swift in Sources */,
				9FBBA7B927CCBFD000C400A6 /* Extensions.swift in Sources */,
				9FBBA7B527CC0B0E00C400A6 /* MovieDetailViewController.swift in Sources */,
				9FBBA7B327CBFCC600C400A6 /* MoviesViewModel.swift in Sources */,
				9FB00A0D27CBBA7D0030C004 /* MovieListTableViewCell.swift in Sources */,
				9F8CCFA627CAABD8002D32F6 /* SceneDelegate.swift in Sources */,
			);
			runOnlyForDeploymentPostprocessing = 0;
		};
		9F8CCFB227CAABDA002D32F6 /* Sources */ = {
			isa = PBXSourcesBuildPhase;
			buildActionMask = 2147483647;
			files = (
				9FBBA7BC27CCD92400C400A6 /* JSONDataResponseMock.swift in Sources */,
				9FBBA7C227CD0BD900C400A6 /* MoviesViewModelTests.swift in Sources */,
				9F8CCFBB27CAABDA002D32F6 /* MoviesListTests.swift in Sources */,
				9FBBA7C527CD54D300C400A6 /* DetailViewModel.swift in Sources */,
			);
			runOnlyForDeploymentPostprocessing = 0;
		};
		9F8CCFBC27CAABDA002D32F6 /* Sources */ = {
			isa = PBXSourcesBuildPhase;
			buildActionMask = 2147483647;
			files = (
				9F8CCFC527CAABDA002D32F6 /* MoviesListUITests.swift in Sources */,
				9F8CCFC727CAABDA002D32F6 /* MoviesListUITestsLaunchTests.swift in Sources */,
			);
			runOnlyForDeploymentPostprocessing = 0;
		};
/* End PBXSourcesBuildPhase section */

/* Begin PBXTargetDependency section */
		9F8CCFB827CAABDA002D32F6 /* PBXTargetDependency */ = {
			isa = PBXTargetDependency;
			target = 9F8CCF9F27CAABD8002D32F6 /* MoviesList */;
			targetProxy = 9F8CCFB727CAABDA002D32F6 /* PBXContainerItemProxy */;
		};
		9F8CCFC227CAABDA002D32F6 /* PBXTargetDependency */ = {
			isa = PBXTargetDependency;
			target = 9F8CCF9F27CAABD8002D32F6 /* MoviesList */;
			targetProxy = 9F8CCFC127CAABDA002D32F6 /* PBXContainerItemProxy */;
		};
/* End PBXTargetDependency section */

/* Begin PBXVariantGroup section */
		9F8CCFA927CAABD8002D32F6 /* Main.storyboard */ = {
			isa = PBXVariantGroup;
			children = (
				9F8CCFAA27CAABD8002D32F6 /* Base */,
			);
			name = Main.storyboard;
			sourceTree = "<group>";
		};
		9F8CCFAE27CAABDA002D32F6 /* LaunchScreen.storyboard */ = {
			isa = PBXVariantGroup;
			children = (
				9F8CCFAF27CAABDA002D32F6 /* Base */,
			);
			name = LaunchScreen.storyboard;
			sourceTree = "<group>";
		};
/* End PBXVariantGroup section */

/* Begin XCBuildConfiguration section */
		9F8CCFC827CAABDA002D32F6 /* Debug */ = {
			isa = XCBuildConfiguration;
			buildSettings = {
				ALWAYS_SEARCH_USER_PATHS = NO;
				CLANG_ANALYZER_NONNULL = YES;
				CLANG_ANALYZER_NUMBER_OBJECT_CONVERSION = YES_AGGRESSIVE;
				CLANG_CXX_LANGUAGE_STANDARD = "gnu++17";
				CLANG_CXX_LIBRARY = "libc++";
				CLANG_ENABLE_MODULES = YES;
				CLANG_ENABLE_OBJC_ARC = YES;
				CLANG_ENABLE_OBJC_WEAK = YES;
				CLANG_WARN_BLOCK_CAPTURE_AUTORELEASING = YES;
				CLANG_WARN_BOOL_CONVERSION = YES;
				CLANG_WARN_COMMA = YES;
				CLANG_WARN_CONSTANT_CONVERSION = YES;
				CLANG_WARN_DEPRECATED_OBJC_IMPLEMENTATIONS = YES;
				CLANG_WARN_DIRECT_OBJC_ISA_USAGE = YES_ERROR;
				CLANG_WARN_DOCUMENTATION_COMMENTS = YES;
				CLANG_WARN_EMPTY_BODY = YES;
				CLANG_WARN_ENUM_CONVERSION = YES;
				CLANG_WARN_INFINITE_RECURSION = YES;
				CLANG_WARN_INT_CONVERSION = YES;
				CLANG_WARN_NON_LITERAL_NULL_CONVERSION = YES;
				CLANG_WARN_OBJC_IMPLICIT_RETAIN_SELF = YES;
				CLANG_WARN_OBJC_LITERAL_CONVERSION = YES;
				CLANG_WARN_OBJC_ROOT_CLASS = YES_ERROR;
				CLANG_WARN_QUOTED_INCLUDE_IN_FRAMEWORK_HEADER = YES;
				CLANG_WARN_RANGE_LOOP_ANALYSIS = YES;
				CLANG_WARN_STRICT_PROTOTYPES = YES;
				CLANG_WARN_SUSPICIOUS_MOVE = YES;
				CLANG_WARN_UNGUARDED_AVAILABILITY = YES_AGGRESSIVE;
				CLANG_WARN_UNREACHABLE_CODE = YES;
				CLANG_WARN__DUPLICATE_METHOD_MATCH = YES;
				COPY_PHASE_STRIP = NO;
				DEBUG_INFORMATION_FORMAT = dwarf;
				ENABLE_STRICT_OBJC_MSGSEND = YES;
				ENABLE_TESTABILITY = YES;
				GCC_C_LANGUAGE_STANDARD = gnu11;
				GCC_DYNAMIC_NO_PIC = NO;
				GCC_NO_COMMON_BLOCKS = YES;
				GCC_OPTIMIZATION_LEVEL = 0;
				GCC_PREPROCESSOR_DEFINITIONS = (
					"DEBUG=1",
					"$(inherited)",
				);
				GCC_WARN_64_TO_32_BIT_CONVERSION = YES;
				GCC_WARN_ABOUT_RETURN_TYPE = YES_ERROR;
				GCC_WARN_UNDECLARED_SELECTOR = YES;
				GCC_WARN_UNINITIALIZED_AUTOS = YES_AGGRESSIVE;
				GCC_WARN_UNUSED_FUNCTION = YES;
				GCC_WARN_UNUSED_VARIABLE = YES;
				IPHONEOS_DEPLOYMENT_TARGET = 15.2;
				MTL_ENABLE_DEBUG_INFO = INCLUDE_SOURCE;
				MTL_FAST_MATH = YES;
				ONLY_ACTIVE_ARCH = YES;
				SDKROOT = iphoneos;
				SWIFT_ACTIVE_COMPILATION_CONDITIONS = DEBUG;
				SWIFT_OPTIMIZATION_LEVEL = "-Onone";
			};
			name = Debug;
		};
		9F8CCFC927CAABDA002D32F6 /* Release */ = {
			isa = XCBuildConfiguration;
			buildSettings = {
				ALWAYS_SEARCH_USER_PATHS = NO;
				CLANG_ANALYZER_NONNULL = YES;
				CLANG_ANALYZER_NUMBER_OBJECT_CONVERSION = YES_AGGRESSIVE;
				CLANG_CXX_LANGUAGE_STANDARD = "gnu++17";
				CLANG_CXX_LIBRARY = "libc++";
				CLANG_ENABLE_MODULES = YES;
				CLANG_ENABLE_OBJC_ARC = YES;
				CLANG_ENABLE_OBJC_WEAK = YES;
				CLANG_WARN_BLOCK_CAPTURE_AUTORELEASING = YES;
				CLANG_WARN_BOOL_CONVERSION = YES;
				CLANG_WARN_COMMA = YES;
				CLANG_WARN_CONSTANT_CONVERSION = YES;
				CLANG_WARN_DEPRECATED_OBJC_IMPLEMENTATIONS = YES;
				CLANG_WARN_DIRECT_OBJC_ISA_USAGE = YES_ERROR;
				CLANG_WARN_DOCUMENTATION_COMMENTS = YES;
				CLANG_WARN_EMPTY_BODY = YES;
				CLANG_WARN_ENUM_CONVERSION = YES;
				CLANG_WARN_INFINITE_RECURSION = YES;
				CLANG_WARN_INT_CONVERSION = YES;
				CLANG_WARN_NON_LITERAL_NULL_CONVERSION = YES;
				CLANG_WARN_OBJC_IMPLICIT_RETAIN_SELF = YES;
				CLANG_WARN_OBJC_LITERAL_CONVERSION = YES;
				CLANG_WARN_OBJC_ROOT_CLASS = YES_ERROR;
				CLANG_WARN_QUOTED_INCLUDE_IN_FRAMEWORK_HEADER = YES;
				CLANG_WARN_RANGE_LOOP_ANALYSIS = YES;
				CLANG_WARN_STRICT_PROTOTYPES = YES;
				CLANG_WARN_SUSPICIOUS_MOVE = YES;
				CLANG_WARN_UNGUARDED_AVAILABILITY = YES_AGGRESSIVE;
				CLANG_WARN_UNREACHABLE_CODE = YES;
				CLANG_WARN__DUPLICATE_METHOD_MATCH = YES;
				COPY_PHASE_STRIP = NO;
				DEBUG_INFORMATION_FORMAT = "dwarf-with-dsym";
				ENABLE_NS_ASSERTIONS = NO;
				ENABLE_STRICT_OBJC_MSGSEND = YES;
				GCC_C_LANGUAGE_STANDARD = gnu11;
				GCC_NO_COMMON_BLOCKS = YES;
				GCC_WARN_64_TO_32_BIT_CONVERSION = YES;
				GCC_WARN_ABOUT_RETURN_TYPE = YES_ERROR;
				GCC_WARN_UNDECLARED_SELECTOR = YES;
				GCC_WARN_UNINITIALIZED_AUTOS = YES_AGGRESSIVE;
				GCC_WARN_UNUSED_FUNCTION = YES;
				GCC_WARN_UNUSED_VARIABLE = YES;
				IPHONEOS_DEPLOYMENT_TARGET = 15.2;
				MTL_ENABLE_DEBUG_INFO = NO;
				MTL_FAST_MATH = YES;
				SDKROOT = iphoneos;
				SWIFT_COMPILATION_MODE = wholemodule;
				SWIFT_OPTIMIZATION_LEVEL = "-O";
				VALIDATE_PRODUCT = YES;
			};
			name = Release;
		};
		9F8CCFCB27CAABDA002D32F6 /* Debug */ = {
			isa = XCBuildConfiguration;
			buildSettings = {
				ASSETCATALOG_COMPILER_APPICON_NAME = AppIcon;
				ASSETCATALOG_COMPILER_GLOBAL_ACCENT_COLOR_NAME = AccentColor;
				CODE_SIGN_STYLE = Automatic;
				CURRENT_PROJECT_VERSION = 1;
				GENERATE_INFOPLIST_FILE = YES;
				INFOPLIST_FILE = MoviesList/Info.plist;
				INFOPLIST_KEY_UIApplicationSupportsIndirectInputEvents = YES;
				INFOPLIST_KEY_UILaunchStoryboardName = LaunchScreen;
				INFOPLIST_KEY_UIMainStoryboardFile = Main;
				INFOPLIST_KEY_UISupportedInterfaceOrientations_iPad = "UIInterfaceOrientationPortrait UIInterfaceOrientationPortraitUpsideDown UIInterfaceOrientationLandscapeLeft UIInterfaceOrientationLandscapeRight";
				INFOPLIST_KEY_UISupportedInterfaceOrientations_iPhone = "UIInterfaceOrientationPortrait UIInterfaceOrientationLandscapeLeft UIInterfaceOrientationLandscapeRight";
				LD_RUNPATH_SEARCH_PATHS = (
					"$(inherited)",
					"@executable_path/Frameworks",
				);
				MARKETING_VERSION = 1.0;
				PRODUCT_BUNDLE_IDENTIFIER = com.vz.MoviesList;
				PRODUCT_NAME = "$(TARGET_NAME)";
				SWIFT_EMIT_LOC_STRINGS = YES;
				SWIFT_VERSION = 5.0;
				TARGETED_DEVICE_FAMILY = "1,2";
			};
			name = Debug;
		};
		9F8CCFCC27CAABDA002D32F6 /* Release */ = {
			isa = XCBuildConfiguration;
			buildSettings = {
				ASSETCATALOG_COMPILER_APPICON_NAME = AppIcon;
				ASSETCATALOG_COMPILER_GLOBAL_ACCENT_COLOR_NAME = AccentColor;
				CODE_SIGN_STYLE = Automatic;
				CURRENT_PROJECT_VERSION = 1;
				GENERATE_INFOPLIST_FILE = YES;
				INFOPLIST_FILE = MoviesList/Info.plist;
				INFOPLIST_KEY_UIApplicationSupportsIndirectInputEvents = YES;
				INFOPLIST_KEY_UILaunchStoryboardName = LaunchScreen;
				INFOPLIST_KEY_UIMainStoryboardFile = Main;
				INFOPLIST_KEY_UISupportedInterfaceOrientations_iPad = "UIInterfaceOrientationPortrait UIInterfaceOrientationPortraitUpsideDown UIInterfaceOrientationLandscapeLeft UIInterfaceOrientationLandscapeRight";
				INFOPLIST_KEY_UISupportedInterfaceOrientations_iPhone = "UIInterfaceOrientationPortrait UIInterfaceOrientationLandscapeLeft UIInterfaceOrientationLandscapeRight";
				LD_RUNPATH_SEARCH_PATHS = (
					"$(inherited)",
					"@executable_path/Frameworks",
				);
				MARKETING_VERSION = 1.0;
				PRODUCT_BUNDLE_IDENTIFIER = com.vz.MoviesList;
				PRODUCT_NAME = "$(TARGET_NAME)";
				SWIFT_EMIT_LOC_STRINGS = YES;
				SWIFT_VERSION = 5.0;
				TARGETED_DEVICE_FAMILY = "1,2";
			};
			name = Release;
		};
		9F8CCFCE27CAABDA002D32F6 /* Debug */ = {
			isa = XCBuildConfiguration;
			buildSettings = {
				ALWAYS_EMBED_SWIFT_STANDARD_LIBRARIES = YES;
				BUNDLE_LOADER = "$(TEST_HOST)";
				CODE_SIGN_STYLE = Automatic;
				CURRENT_PROJECT_VERSION = 1;
				GENERATE_INFOPLIST_FILE = YES;
				IPHONEOS_DEPLOYMENT_TARGET = 15.2;
				MARKETING_VERSION = 1.0;
				PRODUCT_BUNDLE_IDENTIFIER = com.vz.MoviesListTests;
				PRODUCT_NAME = "$(TARGET_NAME)";
				SWIFT_EMIT_LOC_STRINGS = NO;
				SWIFT_VERSION = 5.0;
				TARGETED_DEVICE_FAMILY = "1,2";
				TEST_HOST = "$(BUILT_PRODUCTS_DIR)/MoviesList.app/MoviesList";
			};
			name = Debug;
		};
		9F8CCFCF27CAABDA002D32F6 /* Release */ = {
			isa = XCBuildConfiguration;
			buildSettings = {
				ALWAYS_EMBED_SWIFT_STANDARD_LIBRARIES = YES;
				BUNDLE_LOADER = "$(TEST_HOST)";
				CODE_SIGN_STYLE = Automatic;
				CURRENT_PROJECT_VERSION = 1;
				GENERATE_INFOPLIST_FILE = YES;
				IPHONEOS_DEPLOYMENT_TARGET = 15.2;
				MARKETING_VERSION = 1.0;
				PRODUCT_BUNDLE_IDENTIFIER = com.vz.MoviesListTests;
				PRODUCT_NAME = "$(TARGET_NAME)";
				SWIFT_EMIT_LOC_STRINGS = NO;
				SWIFT_VERSION = 5.0;
				TARGETED_DEVICE_FAMILY = "1,2";
				TEST_HOST = "$(BUILT_PRODUCTS_DIR)/MoviesList.app/MoviesList";
			};
			name = Release;
		};
		9F8CCFD127CAABDA002D32F6 /* Debug */ = {
			isa = XCBuildConfiguration;
			buildSettings = {
				ALWAYS_EMBED_SWIFT_STANDARD_LIBRARIES = YES;
				CODE_SIGN_STYLE = Automatic;
				CURRENT_PROJECT_VERSION = 1;
				GENERATE_INFOPLIST_FILE = YES;
				MARKETING_VERSION = 1.0;
				PRODUCT_BUNDLE_IDENTIFIER = com.vz.MoviesListUITests;
				PRODUCT_NAME = "$(TARGET_NAME)";
				SWIFT_EMIT_LOC_STRINGS = NO;
				SWIFT_VERSION = 5.0;
				TARGETED_DEVICE_FAMILY = "1,2";
				TEST_TARGET_NAME = MoviesList;
			};
			name = Debug;
		};
		9F8CCFD227CAABDA002D32F6 /* Release */ = {
			isa = XCBuildConfiguration;
			buildSettings = {
				ALWAYS_EMBED_SWIFT_STANDARD_LIBRARIES = YES;
				CODE_SIGN_STYLE = Automatic;
				CURRENT_PROJECT_VERSION = 1;
				GENERATE_INFOPLIST_FILE = YES;
				MARKETING_VERSION = 1.0;
				PRODUCT_BUNDLE_IDENTIFIER = com.vz.MoviesListUITests;
				PRODUCT_NAME = "$(TARGET_NAME)";
				SWIFT_EMIT_LOC_STRINGS = NO;
				SWIFT_VERSION = 5.0;
				TARGETED_DEVICE_FAMILY = "1,2";
				TEST_TARGET_NAME = MoviesList;
			};
			name = Release;
		};
/* End XCBuildConfiguration section */

/* Begin XCConfigurationList section */
		9F8CCF9B27CAABD8002D32F6 /* Build configuration list for PBXProject "MoviesList" */ = {
			isa = XCConfigurationList;
			buildConfigurations = (
				9F8CCFC827CAABDA002D32F6 /* Debug */,
				9F8CCFC927CAABDA002D32F6 /* Release */,
			);
			defaultConfigurationIsVisible = 0;
			defaultConfigurationName = Release;
		};
		9F8CCFCA27CAABDA002D32F6 /* Build configuration list for PBXNativeTarget "MoviesList" */ = {
			isa = XCConfigurationList;
			buildConfigurations = (
				9F8CCFCB27CAABDA002D32F6 /* Debug */,
				9F8CCFCC27CAABDA002D32F6 /* Release */,
			);
			defaultConfigurationIsVisible = 0;
			defaultConfigurationName = Release;
		};
		9F8CCFCD27CAABDA002D32F6 /* Build configuration list for PBXNativeTarget "MoviesListTests" */ = {
			isa = XCConfigurationList;
			buildConfigurations = (
				9F8CCFCE27CAABDA002D32F6 /* Debug */,
				9F8CCFCF27CAABDA002D32F6 /* Release */,
			);
			defaultConfigurationIsVisible = 0;
			defaultConfigurationName = Release;
		};
		9F8CCFD027CAABDA002D32F6 /* Build configuration list for PBXNativeTarget "MoviesListUITests" */ = {
			isa = XCConfigurationList;
			buildConfigurations = (
				9F8CCFD127CAABDA002D32F6 /* Debug */,
				9F8CCFD227CAABDA002D32F6 /* Release */,
			);
			defaultConfigurationIsVisible = 0;
			defaultConfigurationName = Release;
		};
/* End XCConfigurationList section */
	};
	rootObject = 9F8CCF9827CAABD8002D32F6 /* Project object */;
}
